
Microsoft Visual Studio Solution File, Format Version 12.00
# Visual Studio Version 16
VisualStudioVersion = 16.0.31702.278
MinimumVisualStudioVersion = 10.0.40219.1
Project("{9A19103F-16F7-4668-BE54-9A1E7A4F7556}") = "EchoServer", "EchoServer\EchoServer.csproj", "{BF91C4E9-84AF-4A69-888E-26BCFE113191}"
EndProject
Project("{9A19103F-16F7-4668-BE54-9A1E7A4F7556}") = "EchoClient", "EchoClient\EchoClient.csproj", "{2FFCA5FB-D55F-4037-ACD7-CDA96AE68212}"
EndProject
Project("{9A19103F-16F7-4668-BE54-9A1E7A4F7556}") = "SAEChat", "SAEChat\SAEChat.csproj", "{75EAF5BF-CEA8-4A19-BF31-D0D1ECC6C7FC}"
EndProject
Project("{9A19103F-16F7-4668-BE54-9A1E7A4F7556}") = "ChatClient", "ChatClient\ChatClient.csproj", "{9850D6A8-28A8-480D-8C90-7024D8114580}"
EndProject
Project("{9A19103F-16F7-4668-BE54-9A1E7A4F7556}") = "ChatServer", "ChatServer\ChatServer.csproj", "{481E10DC-6172-4D4C-9EE2-C58E03F4D17F}"
EndProject
Project("{FAE04EC0-301F-11D3-BF4B-00C04F79EFBC}") = "P2P_ChatTracker", "P2P_ChatTracker\P2P_ChatTracker.csproj", "{BE712472-DCB7-4FE1-8132-395C3493621A}"
EndProject
Global
	GlobalSection(SolutionConfigurationPlatforms) = preSolution
		Debug|Any CPU = Debug|Any CPU
		Release|Any CPU = Release|Any CPU
	EndGlobalSection
	GlobalSection(ProjectConfigurationPlatforms) = postSolution
		{BF91C4E9-84AF-4A69-888E-26BCFE113191}.Debug|Any CPU.ActiveCfg = Debug|Any CPU
		{BF91C4E9-84AF-4A69-888E-26BCFE113191}.Debug|Any CPU.Build.0 = Debug|Any CPU
		{BF91C4E9-84AF-4A69-888E-26BCFE113191}.Release|Any CPU.ActiveCfg = Release|Any CPU
		{BF91C4E9-84AF-4A69-888E-26BCFE113191}.Release|Any CPU.Build.0 = Release|Any CPU
		{2FFCA5FB-D55F-4037-ACD7-CDA96AE68212}.Debug|Any CPU.ActiveCfg = Debug|Any CPU
		{2FFCA5FB-D55F-4037-ACD7-CDA96AE68212}.Debug|Any CPU.Build.0 = Debug|Any CPU
		{2FFCA5FB-D55F-4037-ACD7-CDA96AE68212}.Release|Any CPU.ActiveCfg = Release|Any CPU
		{2FFCA5FB-D55F-4037-ACD7-CDA96AE68212}.Release|Any CPU.Build.0 = Release|Any CPU
		{75EAF5BF-CEA8-4A19-BF31-D0D1ECC6C7FC}.Debug|Any CPU.ActiveCfg = Debug|Any CPU
		{75EAF5BF-CEA8-4A19-BF31-D0D1ECC6C7FC}.Debug|Any CPU.Build.0 = Debug|Any CPU
		{75EAF5BF-CEA8-4A19-BF31-D0D1ECC6C7FC}.Release|Any CPU.ActiveCfg = Release|Any CPU
		{75EAF5BF-CEA8-4A19-BF31-D0D1ECC6C7FC}.Release|Any CPU.Build.0 = Release|Any CPU
		{9850D6A8-28A8-480D-8C90-7024D8114580}.Debug|Any CPU.ActiveCfg = Debug|Any CPU
		{9850D6A8-28A8-480D-8C90-7024D8114580}.Debug|Any CPU.Build.0 = Debug|Any CPU
		{9850D6A8-28A8-480D-8C90-7024D8114580}.Release|Any CPU.ActiveCfg = Release|Any CPU
		{9850D6A8-28A8-480D-8C90-7024D8114580}.Release|Any CPU.Build.0 = Release|Any CPU
		{481E10DC-6172-4D4C-9EE2-C58E03F4D17F}.Debug|Any CPU.ActiveCfg = Debug|Any CPU
		{481E10DC-6172-4D4C-9EE2-C58E03F4D17F}.Debug|Any CPU.Build.0 = Debug|Any CPU
		{481E10DC-6172-4D4C-9EE2-C58E03F4D17F}.Release|Any CPU.ActiveCfg = Release|Any CPU
		{481E10DC-6172-4D4C-9EE2-C58E03F4D17F}.Release|Any CPU.Build.0 = Release|Any CPU
		{BE712472-DCB7-4FE1-8132-395C3493621A}.Debug|Any CPU.ActiveCfg = Debug|Any CPU
		{BE712472-DCB7-4FE1-8132-395C3493621A}.Debug|Any CPU.Build.0 = Debug|Any CPU
		{BE712472-DCB7-4FE1-8132-395C3493621A}.Release|Any CPU.ActiveCfg = Release|Any CPU
		{BE712472-DCB7-4FE1-8132-395C3493621A}.Release|Any CPU.Build.0 = Release|Any CPU
	EndGlobalSection
	GlobalSection(SolutionProperties) = preSolution
		HideSolutionNode = FALSE
	EndGlobalSection
	GlobalSection(ExtensibilityGlobals) = postSolution
		SolutionGuid = {726E4861-7854-4B77-9AC9-17A1BA18DA40}
	EndGlobalSection
EndGlobal
